<?xml version="1.0" encoding="utf-8"?>
<Project ToolsVersion="4.0" xmlns="http://schemas.microsoft.com/developer/msbuild/2003">
  <ItemGroup>
    <Filter Include="Source Files">
      <UniqueIdentifier>{b849250b-4194-45f4-b88f-e630993a56dd}</UniqueIdentifier>
      <Extensions>cpp;c;cxx;rc;def;r;odl;idl;hpj;bat</Extensions>
    </Filter>
    <Filter Include="Header Files">
      <UniqueIdentifier>{30ae165f-83e3-4ac8-8538-0d08f8fcb48b}</UniqueIdentifier>
      <Extensions>h;hpp;hxx;hm;inl</Extensions>
    </Filter>
    <Filter Include="Resource Files">
      <UniqueIdentifier>{d0f20424-bf19-40f6-9da1-6c368a2888a1}</UniqueIdentifier>
      <Extensions>ico;cur;bmp;dlg;rc2;rct;bin;rgs;gif;jpg;jpeg;jpe</Extensions>
    </Filter>
    <Filter Include="LcUtil">
      <UniqueIdentifier>{fa216c4b-68df-4dbf-9dc5-8cbf4c35949e}</UniqueIdentifier>
      <Extensions>cpp;h;</Extensions>
    </Filter>
  </ItemGroup>
  <ItemGroup>
    <ClCompile Include="D3DApp.cpp">
      <Filter>Source Files</Filter>
    </ClCompile>
    <ClCompile Include="LcTile.cpp">
      <Filter>Source Files</Filter>
    </ClCompile>
    <ClCompile Include="Main.cpp">
      <Filter>Source Files</Filter>
    </ClCompile>
    <ClCompile Include="SpTool.cpp">
      <Filter>Source Files</Filter>
    </ClCompile>
    <ClCompile Include="WndWrk.cpp">
      <Filter>Source Files</Filter>
    </ClCompile>
    <ClCompile Include="WndWrk1.cpp">
      <Filter>Source Files</Filter>
    </ClCompile>
    <ClCompile Include="WndWrkImg.cpp">
      <Filter>Source Files</Filter>
    </ClCompile>
    <ClCompile Include="_LcUtil\LcInput.cpp">
      <Filter>LcUtil</Filter>
    </ClCompile>
    <ClCompile Include="_LcUtil\LcSprite.cpp">
      <Filter>LcUtil</Filter>
    </ClCompile>
    <ClCompile Include="_LcUtil\LcSwpWn.cpp">
      <Filter>LcUtil</Filter>
    </ClCompile>
    <ClCompile Include="_LcUtil\LcTexture.cpp">
      <Filter>LcUtil</Filter>
    </ClCompile>
    <ClCompile Include="_LcUtil\LcUtil.cpp">
      <Filter>LcUtil</Filter>
    </ClCompile>
  </ItemGroup>
  <ItemGroup>
    <ResourceCompile Include="SpTool.rc">
      <Filter>Source Files</Filter>
    </ResourceCompile>
  </ItemGroup>
  <ItemGroup>
    <ClInclude Include="_StdAfx.h">
      <Filter>Header Files</Filter>
    </ClInclude>
    <ClInclude Include="D3DApp.h">
      <Filter>Header Files</Filter>
    </ClInclude>
    <ClInclude Include="LcTile.h">
      <Filter>Header Files</Filter>
    </ClInclude>
    <ClInclude Include="Main.h">
      <Filter>Header Files</Filter>
    </ClInclude>
    <ClInclude Include="resource.h">
      <Filter>Header Files</Filter>
    </ClInclude>
    <ClInclude Include="_LcUtil\LcInput.h">
      <Filter>LcUtil</Filter>
    </ClInclude>
    <ClInclude Include="_LcUtil\LcSprite.h">
      <Filter>LcUtil</Filter>
    </ClInclude>
    <ClInclude Include="_LcUtil\LcSwpWn.h">
      <Filter>LcUtil</Filter>
    </ClInclude>
    <ClInclude Include="_LcUtil\LcTexture.h">
      <Filter>LcUtil</Filter>
    </ClInclude>
    <ClInclude Include="_LcUtil\LcUtil.h">
      <Filter>LcUtil</Filter>
    </ClInclude>
  </ItemGroup>
  <ItemGroup>
    <Image Include="DirectX.ico">
      <Filter>Resource Files</Filter>
    </Image>
    <Image Include="work.bmp">
      <Filter>Resource Files</Filter>
    </Image>
  </ItemGroup>
</Project>