
Microsoft Visual Studio Solution File, Format Version 12.00
# Visual Studio Version 16
VisualStudioVersion = 16.0.36227.6
MinimumVisualStudioVersion = 10.0.40219.1
Project("{8BC9CEB8-8B4A-11D0-8D11-00A0C91BC942}") = "SpTool", "SpTool.vcxproj", "{07AA8D6E-1254-48B6-9DD5-E3B5DE317377}"
EndProject
Global
	GlobalSection(SolutionConfigurationPlatforms) = preSolution
		Debug|x86 = Debug|x86
		Release|x86 = Release|x86
	EndGlobalSection
	GlobalSection(ProjectConfigurationPlatforms) = postSolution
		{07AA8D6E-1254-48B6-9DD5-E3B5DE317377}.Debug|x86.ActiveCfg = Debug|Win32
		{07AA8D6E-1254-48B6-9DD5-E3B5DE317377}.Debug|x86.Build.0 = Debug|Win32
		{07AA8D6E-1254-48B6-9DD5-E3B5DE317377}.Release|x86.ActiveCfg = Release|Win32
		{07AA8D6E-1254-48B6-9DD5-E3B5DE317377}.Release|x86.Build.0 = Release|Win32
	EndGlobalSection
	GlobalSection(SolutionProperties) = preSolution
		HideSolutionNode = FALSE
	EndGlobalSection
	GlobalSection(ExtensibilityGlobals) = postSolution
		SolutionGuid = {64EEBB25-2A8E-4E17-BD90-CCEB16573059}
	EndGlobalSection
EndGlobal
