<?xml version="1.0" encoding="utf-8"?>
<Project ToolsVersion="4.0" xmlns="http://schemas.microsoft.com/developer/msbuild/2003">
  <ItemGroup>
    <Filter Include="Source Files">
      <UniqueIdentifier>{23887fa2-06ea-4e00-8229-c139f5e104b7}</UniqueIdentifier>
      <Extensions>cpp;c;cxx;rc;def;r;odl;idl;hpj;bat</Extensions>
    </Filter>
    <Filter Include="Header Files">
      <UniqueIdentifier>{ce57f36c-091f-41d4-a56e-2c9870fc06bf}</UniqueIdentifier>
      <Extensions>h;hpp;hxx;hm;inl</Extensions>
    </Filter>
    <Filter Include="Resource Files">
      <UniqueIdentifier>{2de2d58d-4b26-4429-a751-699cf352ab50}</UniqueIdentifier>
      <Extensions>ico;cur;bmp;dlg;rc2;rct;bin;rgs;gif;jpg;jpeg;jpe</Extensions>
    </Filter>
    <Filter Include="LcUtil">
      <UniqueIdentifier>{a85fd800-577b-4628-8933-0952016fb519}</UniqueIdentifier>
      <Extensions>cpp;h;</Extensions>
    </Filter>
  </ItemGroup>
  <ItemGroup>
    <ClCompile Include="D3DApp.cpp">
      <Filter>Source Files</Filter>
    </ClCompile>
    <ClCompile Include="LcTile.cpp">
      <Filter>Source Files</Filter>
    </ClCompile>
    <ClCompile Include="Main.cpp">
      <Filter>Source Files</Filter>
    </ClCompile>
    <ClCompile Include="SpTool.cpp">
      <Filter>Source Files</Filter>
    </ClCompile>
    <ClCompile Include="WndWrk.cpp">
      <Filter>Source Files</Filter>
    </ClCompile>
    <ClCompile Include="WndWrk1.cpp">
      <Filter>Source Files</Filter>
    </ClCompile>
    <ClCompile Include="WndWrkImg.cpp">
      <Filter>Source Files</Filter>
    </ClCompile>
    <ClCompile Include="_LcUtil\LcInput.cpp">
      <Filter>LcUtil</Filter>
    </ClCompile>
    <ClCompile Include="_LcUtil\LcSprite.cpp">
      <Filter>LcUtil</Filter>
    </ClCompile>
    <ClCompile Include="_LcUtil\LcTexture.cpp">
      <Filter>LcUtil</Filter>
    </ClCompile>
    <ClCompile Include="_LcUtil\LcUtil.cpp">
      <Filter>LcUtil</Filter>
    </ClCompile>
  </ItemGroup>
  <ItemGroup>
    <ResourceCompile Include="SpTool.rc">
      <Filter>Source Files</Filter>
    </ResourceCompile>
  </ItemGroup>
  <ItemGroup>
    <ClInclude Include="_StdAfx.h">
      <Filter>Header Files</Filter>
    </ClInclude>
    <ClInclude Include="D3DApp.h">
      <Filter>Header Files</Filter>
    </ClInclude>
    <ClInclude Include="LcTile.h">
      <Filter>Header Files</Filter>
    </ClInclude>
    <ClInclude Include="Main.h">
      <Filter>Header Files</Filter>
    </ClInclude>
    <ClInclude Include="resource.h">
      <Filter>Header Files</Filter>
    </ClInclude>
    <ClInclude Include="_LcUtil\LcInput.h">
      <Filter>LcUtil</Filter>
    </ClInclude>
    <ClInclude Include="_LcUtil\LcSprite.h">
      <Filter>LcUtil</Filter>
    </ClInclude>
    <ClInclude Include="_LcUtil\LcTexture.h">
      <Filter>LcUtil</Filter>
    </ClInclude>
    <ClInclude Include="_LcUtil\LcUtil.h">
      <Filter>LcUtil</Filter>
    </ClInclude>
  </ItemGroup>
  <ItemGroup>
    <Image Include="_res\DirectX.ico">
      <Filter>Resource Files</Filter>
    </Image>
    <Image Include="_res\work.bmp">
      <Filter>Resource Files</Filter>
    </Image>
  </ItemGroup>
</Project>